
Microsoft Visual Studio Solution File, Format Version 12.00
# Visual Studio Version 17
VisualStudioVersion = 17.5.2.0
MinimumVisualStudioVersion = 10.0.40219.1
Project("{9A19103F-16F7-4668-BE54-9A1E7A4F7556}") = "DaylioData", "DaylioData.csproj", "{5B365ACC-6F98-4F16-A971-CDFCA3D97FFC}"
EndProject
Project("{FAE04EC0-301F-11D3-BF4B-00C04F79EFBC}") = "DaylioData.Tests", "..\..\tests\DaylioData.Tests\DaylioData.Tests.csproj", "{0180296D-9E6E-467E-800E-E550AAAA5A95}"
EndProject
Project("{FAE04EC0-301F-11D3-BF4B-00C04F79EFBC}") = "DaylioData.Mcp", "..\DaylioData.Mcp\DaylioData.Mcp.csproj", "{E2FE4B96-727C-4F29-9897-0DE5A76BBF75}"
EndProject
Global
	GlobalSection(SolutionConfigurationPlatforms) = preSolution
		Debug|Any CPU = Debug|Any CPU
		Debug|x64 = Debug|x64
		Debug|x86 = Debug|x86
		Release|Any CPU = Release|Any CPU
		Release|x64 = Release|x64
		Release|x86 = Release|x86
	EndGlobalSection
	GlobalSection(ProjectConfigurationPlatforms) = postSolution
		{5B365ACC-6F98-4F16-A971-CDFCA3D97FFC}.Debug|Any CPU.ActiveCfg = Debug|Any CPU
		{5B365ACC-6F98-4F16-A971-CDFCA3D97FFC}.Debug|Any CPU.Build.0 = Debug|Any CPU
		{5B365ACC-6F98-4F16-A971-CDFCA3D97FFC}.Debug|x64.ActiveCfg = Debug|Any CPU
		{5B365ACC-6F98-4F16-A971-CDFCA3D97FFC}.Debug|x64.Build.0 = Debug|Any CPU
		{5B365ACC-6F98-4F16-A971-CDFCA3D97FFC}.Debug|x86.ActiveCfg = Debug|Any CPU
		{5B365ACC-6F98-4F16-A971-CDFCA3D97FFC}.Debug|x86.Build.0 = Debug|Any CPU
		{5B365ACC-6F98-4F16-A971-CDFCA3D97FFC}.Release|Any CPU.ActiveCfg = Release|Any CPU
		{5B365ACC-6F98-4F16-A971-CDFCA3D97FFC}.Release|Any CPU.Build.0 = Release|Any CPU
		{5B365ACC-6F98-4F16-A971-CDFCA3D97FFC}.Release|x64.ActiveCfg = Release|Any CPU
		{5B365ACC-6F98-4F16-A971-CDFCA3D97FFC}.Release|x64.Build.0 = Release|Any CPU
		{5B365ACC-6F98-4F16-A971-CDFCA3D97FFC}.Release|x86.ActiveCfg = Release|Any CPU
		{5B365ACC-6F98-4F16-A971-CDFCA3D97FFC}.Release|x86.Build.0 = Release|Any CPU
		{0180296D-9E6E-467E-800E-E550AAAA5A95}.Debug|Any CPU.ActiveCfg = Debug|Any CPU
		{0180296D-9E6E-467E-800E-E550AAAA5A95}.Debug|Any CPU.Build.0 = Debug|Any CPU
		{0180296D-9E6E-467E-800E-E550AAAA5A95}.Debug|x64.ActiveCfg = Debug|Any CPU
		{0180296D-9E6E-467E-800E-E550AAAA5A95}.Debug|x64.Build.0 = Debug|Any CPU
		{0180296D-9E6E-467E-800E-E550AAAA5A95}.Debug|x86.ActiveCfg = Debug|Any CPU
		{0180296D-9E6E-467E-800E-E550AAAA5A95}.Debug|x86.Build.0 = Debug|Any CPU
		{0180296D-9E6E-467E-800E-E550AAAA5A95}.Release|Any CPU.ActiveCfg = Release|Any CPU
		{0180296D-9E6E-467E-800E-E550AAAA5A95}.Release|Any CPU.Build.0 = Release|Any CPU
		{0180296D-9E6E-467E-800E-E550AAAA5A95}.Release|x64.ActiveCfg = Release|Any CPU
		{0180296D-9E6E-467E-800E-E550AAAA5A95}.Release|x64.Build.0 = Release|Any CPU
		{0180296D-9E6E-467E-800E-E550AAAA5A95}.Release|x86.ActiveCfg = Release|Any CPU
		{0180296D-9E6E-467E-800E-E550AAAA5A95}.Release|x86.Build.0 = Release|Any CPU
		{E2FE4B96-727C-4F29-9897-0DE5A76BBF75}.Debug|Any CPU.ActiveCfg = Debug|Any CPU
		{E2FE4B96-727C-4F29-9897-0DE5A76BBF75}.Debug|Any CPU.Build.0 = Debug|Any CPU
		{E2FE4B96-727C-4F29-9897-0DE5A76BBF75}.Debug|x64.ActiveCfg = Debug|Any CPU
		{E2FE4B96-727C-4F29-9897-0DE5A76BBF75}.Debug|x64.Build.0 = Debug|Any CPU
		{E2FE4B96-727C-4F29-9897-0DE5A76BBF75}.Debug|x86.ActiveCfg = Debug|Any CPU
		{E2FE4B96-727C-4F29-9897-0DE5A76BBF75}.Debug|x86.Build.0 = Debug|Any CPU
		{E2FE4B96-727C-4F29-9897-0DE5A76BBF75}.Release|Any CPU.ActiveCfg = Release|Any CPU
		{E2FE4B96-727C-4F29-9897-0DE5A76BBF75}.Release|Any CPU.Build.0 = Release|Any CPU
		{E2FE4B96-727C-4F29-9897-0DE5A76BBF75}.Release|x64.ActiveCfg = Release|Any CPU
		{E2FE4B96-727C-4F29-9897-0DE5A76BBF75}.Release|x64.Build.0 = Release|Any CPU
		{E2FE4B96-727C-4F29-9897-0DE5A76BBF75}.Release|x86.ActiveCfg = Release|Any CPU
		{E2FE4B96-727C-4F29-9897-0DE5A76BBF75}.Release|x86.Build.0 = Release|Any CPU
	EndGlobalSection
	GlobalSection(SolutionProperties) = preSolution
		HideSolutionNode = FALSE
	EndGlobalSection
	GlobalSection(ExtensibilityGlobals) = postSolution
		SolutionGuid = {544474A2-5D09-4BAB-95DE-BAB6F4995D26}
	EndGlobalSection
EndGlobal
